
Microsoft Visual Studio Solution File, Format Version 12.00
# Visual Studio Version 16
VisualStudioVersion = 16.0.30517.126
MinimumVisualStudioVersion = 10.0.40219.1
Project("{9A19103F-16F7-4668-BE54-9A1E7A4F7556}") = "TGuideApplication", "TGuideApplication\TGuideApplication.csproj", "{0F19010B-D996-4CF4-B4BA-C321025D7458}"
EndProject
Project("{9A19103F-16F7-4668-BE54-9A1E7A4F7556}") = "TGuideApplication.Core", "TGuideApplication.Core\TGuideApplication.Core.csproj", "{6C49F554-F951-4018-BD64-4DF972A35D1E}"
EndProject
Project("{9A19103F-16F7-4668-BE54-9A1E7A4F7556}") = "TGuideApplication.Servicee", "TGuideApplication.Servicee\TGuideApplication.Servicee.csproj", "{36085DCA-3EE5-4282-8C4F-DD44002E9C6F}"
EndProject
Project("{FAE04EC0-301F-11D3-BF4B-00C04F79EFBC}") = "ReportAPI.API", "ReportAPI.API\ReportAPI.API.csproj", "{F2CAC3BC-8B07-4A0B-81FF-835FAB76AF6B}"
EndProject
Global
	GlobalSection(SolutionConfigurationPlatforms) = preSolution
		Debug|Any CPU = Debug|Any CPU
		Release|Any CPU = Release|Any CPU
	EndGlobalSection
	GlobalSection(ProjectConfigurationPlatforms) = postSolution
		{0F19010B-D996-4CF4-B4BA-C321025D7458}.Debug|Any CPU.ActiveCfg = Debug|Any CPU
		{0F19010B-D996-4CF4-B4BA-C321025D7458}.Debug|Any CPU.Build.0 = Debug|Any CPU
		{0F19010B-D996-4CF4-B4BA-C321025D7458}.Release|Any CPU.ActiveCfg = Release|Any CPU
		{0F19010B-D996-4CF4-B4BA-C321025D7458}.Release|Any CPU.Build.0 = Release|Any CPU
		{6C49F554-F951-4018-BD64-4DF972A35D1E}.Debug|Any CPU.ActiveCfg = Debug|Any CPU
		{6C49F554-F951-4018-BD64-4DF972A35D1E}.Debug|Any CPU.Build.0 = Debug|Any CPU
		{6C49F554-F951-4018-BD64-4DF972A35D1E}.Release|Any CPU.ActiveCfg = Release|Any CPU
		{6C49F554-F951-4018-BD64-4DF972A35D1E}.Release|Any CPU.Build.0 = Release|Any CPU
		{36085DCA-3EE5-4282-8C4F-DD44002E9C6F}.Debug|Any CPU.ActiveCfg = Debug|Any CPU
		{36085DCA-3EE5-4282-8C4F-DD44002E9C6F}.Debug|Any CPU.Build.0 = Debug|Any CPU
		{36085DCA-3EE5-4282-8C4F-DD44002E9C6F}.Release|Any CPU.ActiveCfg = Release|Any CPU
		{36085DCA-3EE5-4282-8C4F-DD44002E9C6F}.Release|Any CPU.Build.0 = Release|Any CPU
		{F2CAC3BC-8B07-4A0B-81FF-835FAB76AF6B}.Debug|Any CPU.ActiveCfg = Debug|Any CPU
		{F2CAC3BC-8B07-4A0B-81FF-835FAB76AF6B}.Debug|Any CPU.Build.0 = Debug|Any CPU
		{F2CAC3BC-8B07-4A0B-81FF-835FAB76AF6B}.Release|Any CPU.ActiveCfg = Release|Any CPU
		{F2CAC3BC-8B07-4A0B-81FF-835FAB76AF6B}.Release|Any CPU.Build.0 = Release|Any CPU
	EndGlobalSection
	GlobalSection(SolutionProperties) = preSolution
		HideSolutionNode = FALSE
	EndGlobalSection
	GlobalSection(ExtensibilityGlobals) = postSolution
		SolutionGuid = {36B47D79-C366-4621-AAF5-50C2F63F86A0}
	EndGlobalSection
EndGlobal
